
Microsoft Visual Studio Solution File, Format Version 12.00
# Visual Studio Version 16
VisualStudioVersion = 16.0.31205.134
MinimumVisualStudioVersion = 10.0.40219.1
Project("{FAE04EC0-301F-11D3-BF4B-00C04F79EFBC}") = "CommonLib", "src\CommonLib\CommonLib.csproj", "{88EB8B09-EB8A-4E59-BBF7-CA5374DFA9EB}"
EndProject
Project("{9A19103F-16F7-4668-BE54-9A1E7A4F7556}") = "CommonLibTest", "test\unit\CommonLibTest.csproj", "{27BC39EF-DE5E-4F01-847F-941E6FB2B21E}"
EndProject
Global
	GlobalSection(SolutionConfigurationPlatforms) = preSolution
		Debug|Any CPU = Debug|Any CPU
		Release|Any CPU = Release|Any CPU
	EndGlobalSection
	GlobalSection(ProjectConfigurationPlatforms) = postSolution
		{88EB8B09-EB8A-4E59-BBF7-CA5374DFA9EB}.Debug|Any CPU.ActiveCfg = Debug|Any CPU
		{88EB8B09-EB8A-4E59-BBF7-CA5374DFA9EB}.Debug|Any CPU.Build.0 = Debug|Any CPU
		{88EB8B09-EB8A-4E59-BBF7-CA5374DFA9EB}.Release|Any CPU.ActiveCfg = Release|Any CPU
		{88EB8B09-EB8A-4E59-BBF7-CA5374DFA9EB}.Release|Any CPU.Build.0 = Release|Any CPU
		{27BC39EF-DE5E-4F01-847F-941E6FB2B21E}.Debug|Any CPU.ActiveCfg = Debug|Any CPU
		{27BC39EF-DE5E-4F01-847F-941E6FB2B21E}.Debug|Any CPU.Build.0 = Debug|Any CPU
		{27BC39EF-DE5E-4F01-847F-941E6FB2B21E}.Release|Any CPU.ActiveCfg = Release|Any CPU
		{27BC39EF-DE5E-4F01-847F-941E6FB2B21E}.Release|Any CPU.Build.0 = Release|Any CPU
	EndGlobalSection
	GlobalSection(SolutionProperties) = preSolution
		HideSolutionNode = FALSE
	EndGlobalSection
	GlobalSection(ExtensibilityGlobals) = postSolution
		SolutionGuid = {E3C14D75-0ABC-4BEF-8D65-44FF30B53C35}
	EndGlobalSection
EndGlobal
